
Microsoft Visual Studio Solution File, Format Version 12.00
Project("{FAE04EC0-301F-11D3-BF4B-00C04F79EFBC}") = "EFCoreLab.WebApi", "EFCoreLab.WebApi\EFCoreLab.WebApi.csproj", "{4E6DC077-872F-4EA6-9134-E8683B5DFEE6}"
EndProject
Project("{FAE04EC0-301F-11D3-BF4B-00C04F79EFBC}") = "EFCoreLab.WebApi.Tests", "EFCoreLab.WebApi.Tests\EFCoreLab.WebApi.Tests.csproj", "{99B0E3C0-65CC-4621-B0FF-8DAB3FFC47BA}"
EndProject
Project("{2150E333-8FDC-42A3-9474-1A3956D46DE8}") = "2. Application", "2. Application", "{4685F9A2-B1C5-4CF6-8A83-5F11899FF32B}"
EndProject
Project("{2150E333-8FDC-42A3-9474-1A3956D46DE8}") = "3. Tests", "3. Tests", "{CF2E57EB-E8B4-4059-A6F9-CE8F13E0DC4E}"
EndProject
Project("{2150E333-8FDC-42A3-9474-1A3956D46DE8}") = "1. Components", "1. Components", "{5EA25962-06AD-43D0-B757-BF98668360B4}"
EndProject
Project("{FAE04EC0-301F-11D3-BF4B-00C04F79EFBC}") = "EFCoreLab.Persistence.Metadata.SampleDb", "EFCoreLab.Persistence.Metadata.SampleDb\EFCoreLab.Persistence.Metadata.SampleDb.csproj", "{DB743A54-F464-496C-AA2F-376468D3CF27}"
EndProject
Project("{FAE04EC0-301F-11D3-BF4B-00C04F79EFBC}") = "EFCoreLab.Persistence.Repositories", "EFCoreLab.Persistence.Repositories\EFCoreLab.Persistence.Repositories.csproj", "{F79D71EE-BA67-4A7A-94CE-11CC1E7EF900}"
EndProject
Project("{FAE04EC0-301F-11D3-BF4B-00C04F79EFBC}") = "EFCoreLab.CrossCutting.Observability", "EFCoreLab.CrossCutting.Observability\EFCoreLab.CrossCutting.Observability.csproj", "{C62E92C3-52E5-4ECB-87A3-44117E373393}"
EndProject
Project("{2150E333-8FDC-42A3-9474-1A3956D46DE8}") = "docker-compose", "docker-compose", "{5CF64772-3127-423F-9AD8-65B9FAAE5E87}"
	ProjectSection(SolutionItems) = preProject
		..\docker-compose\docker-compose.yml = ..\docker-compose\docker-compose.yml
	EndProjectSection
EndProject
Global
	GlobalSection(SolutionConfigurationPlatforms) = preSolution
		Debug|Any CPU = Debug|Any CPU
		Release|Any CPU = Release|Any CPU
	EndGlobalSection
	GlobalSection(ProjectConfigurationPlatforms) = postSolution
		{4E6DC077-872F-4EA6-9134-E8683B5DFEE6}.Debug|Any CPU.ActiveCfg = Debug|Any CPU
		{4E6DC077-872F-4EA6-9134-E8683B5DFEE6}.Debug|Any CPU.Build.0 = Debug|Any CPU
		{4E6DC077-872F-4EA6-9134-E8683B5DFEE6}.Release|Any CPU.ActiveCfg = Release|Any CPU
		{4E6DC077-872F-4EA6-9134-E8683B5DFEE6}.Release|Any CPU.Build.0 = Release|Any CPU
		{99B0E3C0-65CC-4621-B0FF-8DAB3FFC47BA}.Debug|Any CPU.ActiveCfg = Debug|Any CPU
		{99B0E3C0-65CC-4621-B0FF-8DAB3FFC47BA}.Debug|Any CPU.Build.0 = Debug|Any CPU
		{99B0E3C0-65CC-4621-B0FF-8DAB3FFC47BA}.Release|Any CPU.ActiveCfg = Release|Any CPU
		{99B0E3C0-65CC-4621-B0FF-8DAB3FFC47BA}.Release|Any CPU.Build.0 = Release|Any CPU
		{DB743A54-F464-496C-AA2F-376468D3CF27}.Debug|Any CPU.ActiveCfg = Debug|Any CPU
		{DB743A54-F464-496C-AA2F-376468D3CF27}.Debug|Any CPU.Build.0 = Debug|Any CPU
		{DB743A54-F464-496C-AA2F-376468D3CF27}.Release|Any CPU.ActiveCfg = Release|Any CPU
		{DB743A54-F464-496C-AA2F-376468D3CF27}.Release|Any CPU.Build.0 = Release|Any CPU
		{F79D71EE-BA67-4A7A-94CE-11CC1E7EF900}.Debug|Any CPU.ActiveCfg = Debug|Any CPU
		{F79D71EE-BA67-4A7A-94CE-11CC1E7EF900}.Debug|Any CPU.Build.0 = Debug|Any CPU
		{F79D71EE-BA67-4A7A-94CE-11CC1E7EF900}.Release|Any CPU.ActiveCfg = Release|Any CPU
		{F79D71EE-BA67-4A7A-94CE-11CC1E7EF900}.Release|Any CPU.Build.0 = Release|Any CPU
		{C62E92C3-52E5-4ECB-87A3-44117E373393}.Debug|Any CPU.ActiveCfg = Debug|Any CPU
		{C62E92C3-52E5-4ECB-87A3-44117E373393}.Debug|Any CPU.Build.0 = Debug|Any CPU
		{C62E92C3-52E5-4ECB-87A3-44117E373393}.Release|Any CPU.ActiveCfg = Release|Any CPU
		{C62E92C3-52E5-4ECB-87A3-44117E373393}.Release|Any CPU.Build.0 = Release|Any CPU
	EndGlobalSection
	GlobalSection(NestedProjects) = preSolution
		{4E6DC077-872F-4EA6-9134-E8683B5DFEE6} = {4685F9A2-B1C5-4CF6-8A83-5F11899FF32B}
		{99B0E3C0-65CC-4621-B0FF-8DAB3FFC47BA} = {CF2E57EB-E8B4-4059-A6F9-CE8F13E0DC4E}
		{DB743A54-F464-496C-AA2F-376468D3CF27} = {5EA25962-06AD-43D0-B757-BF98668360B4}
		{F79D71EE-BA67-4A7A-94CE-11CC1E7EF900} = {5EA25962-06AD-43D0-B757-BF98668360B4}
		{C62E92C3-52E5-4ECB-87A3-44117E373393} = {5EA25962-06AD-43D0-B757-BF98668360B4}
	EndGlobalSection
EndGlobal
